
Microsoft Visual Studio Solution File, Format Version 12.00
# Visual Studio 14
VisualStudioVersion = 14.0.25420.1
MinimumVisualStudioVersion = 10.0.40219.1
Project("{2150E333-8FDC-42A3-9474-1A3956D46DE8}") = "Framework", "Framework", "{022EBA1A-2D8F-49D2-8792-1449FD0863CF}"
EndProject
Project("{2150E333-8FDC-42A3-9474-1A3956D46DE8}") = "Apps", "Apps", "{7B7E9B1D-BE6B-4F06-818B-47B086F87B17}"
EndProject
Project("{2150E333-8FDC-42A3-9474-1A3956D46DE8}") = "Tests", "Tests", "{2837F8A8-EBC3-4B3E-A255-BD3F6532FD43}"
EndProject
Project("{FAE04EC0-301F-11D3-BF4B-00C04F79EFBC}") = "MonkeyCode.Apps.Urvent.Droid", "Projects\MonkeyCode.Apps.Urvent.Droid\MonkeyCode.Apps.Urvent.Droid.csproj", "{CAE022DB-6317-48AE-AC42-BBAC3B76474E}"
EndProject
Project("{FAE04EC0-301F-11D3-BF4B-00C04F79EFBC}") = "MonkeyCode.Framework.Portable.ViewModel", "Projects\MonkeyCode.Framework.Portable.ViewModel\MonkeyCode.Framework.Portable.ViewModel.csproj", "{266B600E-64A2-4855-83F0-0AB854C9A658}"
EndProject
Project("{FAE04EC0-301F-11D3-BF4B-00C04F79EFBC}") = "MonkeyCode.Framework.Portable.XamarinForms", "Projects\MonkeyCode.Framework.Portable.XamarinForms\MonkeyCode.Framework.Portable.XamarinForms.csproj", "{442DD262-5E49-4599-BDD2-D0968770EE3A}"
EndProject
Project("{FAE04EC0-301F-11D3-BF4B-00C04F79EFBC}") = "MonkeyCode.Framework.Portable.Common", "Projects\MonkeyCode.Framework.Portable.Common\MonkeyCode.Framework.Portable.Common.csproj", "{5576BE37-4E74-4CBA-ABFA-3E813E7B39A0}"
EndProject
Project("{FAE04EC0-301F-11D3-BF4B-00C04F79EFBC}") = "MonkeyCode.Apps.Urvent.Portable", "Projects\MonkeyCode.Apps.Urvent.Portable\MonkeyCode.Apps.Urvent.Portable.csproj", "{67F9D3A8-F71E-4428-913F-C37AE82CDB24}"
	ProjectSection(ProjectDependencies) = postProject
		{14743A73-02F9-40D4-B769-6B73F1F539BA} = {14743A73-02F9-40D4-B769-6B73F1F539BA}
	EndProjectSection
EndProject
Project("{FAE04EC0-301F-11D3-BF4B-00C04F79EFBC}") = "MonkeyCode.Framework.Portable.Urvent", "Projects\MonkeyCode.Framework.Portable.Urvent\MonkeyCode.Framework.Portable.Urvent.csproj", "{C47AF74D-3271-412E-BF69-716659854DD8}"
EndProject
Project("{FAE04EC0-301F-11D3-BF4B-00C04F79EFBC}") = "MonkeyCode.Apps.Urvent.iOS", "Projects\MonkeyCode.Apps.Urvent.iOS\MonkeyCode.Apps.Urvent.iOS.csproj", "{9EE722B9-5B6A-4D6F-BDDC-D7F56AD6EB44}"
EndProject
Project("{FAE04EC0-301F-11D3-BF4B-00C04F79EFBC}") = "MonkeyCode.Framework.Portable.Database", "Projects\MonkeyCode.Framework.Portable.Database\MonkeyCode.Framework.Portable.Database.csproj", "{14743A73-02F9-40D4-B769-6B73F1F539BA}"
EndProject
Project("{2150E333-8FDC-42A3-9474-1A3956D46DE8}") = "Backend", "Backend", "{D1A8C1F0-0BDC-40CC-83CF-75170E582A00}"
EndProject
Project("{FAE04EC0-301F-11D3-BF4B-00C04F79EFBC}") = "MonkeyCode.Backend.Database", "Projects\MonkeyCode.Backend.Database\MonkeyCode.Backend.Database.csproj", "{4A757A59-8AAE-4E33-9770-23404BCB13B8}"
	ProjectSection(ProjectDependencies) = postProject
		{14743A73-02F9-40D4-B769-6B73F1F539BA} = {14743A73-02F9-40D4-B769-6B73F1F539BA}
	EndProjectSection
EndProject
Project("{2150E333-8FDC-42A3-9474-1A3956D46DE8}") = "Backend", "Backend", "{A398D32A-A783-469A-854A-42E3FFBA3CED}"
EndProject
Project("{FAE04EC0-301F-11D3-BF4B-00C04F79EFBC}") = "MonkeyCode.Backend.Database.Tests", "Projects\Tests\MonkeyCode.Backend.Database.Tests\MonkeyCode.Backend.Database.Tests.csproj", "{C646E9A6-DECC-4A27-9E4A-2FEB355C7243}"
	ProjectSection(ProjectDependencies) = postProject
		{C47AF74D-3271-412E-BF69-716659854DD8} = {C47AF74D-3271-412E-BF69-716659854DD8}
		{4A757A59-8AAE-4E33-9770-23404BCB13B8} = {4A757A59-8AAE-4E33-9770-23404BCB13B8}
	EndProjectSection
EndProject
Project("{FAE04EC0-301F-11D3-BF4B-00C04F79EFBC}") = "MonkeyCode.Framework.Tests.Urvent", "Projects\MonkeyCode.Framework.Tests.Urvent\MonkeyCode.Framework.Tests.Urvent.csproj", "{0BF4E0FE-C553-41EE-95BA-6571546B35C0}"
EndProject
Project("{FAE04EC0-301F-11D3-BF4B-00C04F79EFBC}") = "MonkeyCode.Apps.Urvent.Forms", "Projects\MonkeyCode.Apps.Urvent.Forms\MonkeyCode.Apps.Urvent.Forms.csproj", "{E84241A4-B6A4-4C00-9719-779BA2B705EF}"
EndProject
Global
	GlobalSection(SolutionConfigurationPlatforms) = preSolution
		Ad-Hoc|Any CPU = Ad-Hoc|Any CPU
		Ad-Hoc|ARM = Ad-Hoc|ARM
		Ad-Hoc|iPhone = Ad-Hoc|iPhone
		Ad-Hoc|iPhoneSimulator = Ad-Hoc|iPhoneSimulator
		Ad-Hoc|x64 = Ad-Hoc|x64
		Ad-Hoc|x86 = Ad-Hoc|x86
		AppStore|Any CPU = AppStore|Any CPU
		AppStore|ARM = AppStore|ARM
		AppStore|iPhone = AppStore|iPhone
		AppStore|iPhoneSimulator = AppStore|iPhoneSimulator
		AppStore|x64 = AppStore|x64
		AppStore|x86 = AppStore|x86
		Debug|Any CPU = Debug|Any CPU
		Debug|ARM = Debug|ARM
		Debug|iPhone = Debug|iPhone
		Debug|iPhoneSimulator = Debug|iPhoneSimulator
		Debug|x64 = Debug|x64
		Debug|x86 = Debug|x86
		Release|Any CPU = Release|Any CPU
		Release|ARM = Release|ARM
		Release|iPhone = Release|iPhone
		Release|iPhoneSimulator = Release|iPhoneSimulator
		Release|x64 = Release|x64
		Release|x86 = Release|x86
	EndGlobalSection
	GlobalSection(ProjectConfigurationPlatforms) = postSolution
		{CAE022DB-6317-48AE-AC42-BBAC3B76474E}.Ad-Hoc|Any CPU.ActiveCfg = Release|Any CPU
		{CAE022DB-6317-48AE-AC42-BBAC3B76474E}.Ad-Hoc|Any CPU.Build.0 = Release|Any CPU
		{CAE022DB-6317-48AE-AC42-BBAC3B76474E}.Ad-Hoc|Any CPU.Deploy.0 = Release|Any CPU
		{CAE022DB-6317-48AE-AC42-BBAC3B76474E}.Ad-Hoc|ARM.ActiveCfg = Debug|Any CPU
		{CAE022DB-6317-48AE-AC42-BBAC3B76474E}.Ad-Hoc|ARM.Build.0 = Debug|Any CPU
		{CAE022DB-6317-48AE-AC42-BBAC3B76474E}.Ad-Hoc|ARM.Deploy.0 = Debug|Any CPU
		{CAE022DB-6317-48AE-AC42-BBAC3B76474E}.Ad-Hoc|iPhone.ActiveCfg = Release|Any CPU
		{CAE022DB-6317-48AE-AC42-BBAC3B76474E}.Ad-Hoc|iPhone.Build.0 = Release|Any CPU
		{CAE022DB-6317-48AE-AC42-BBAC3B76474E}.Ad-Hoc|iPhone.Deploy.0 = Release|Any CPU
		{CAE022DB-6317-48AE-AC42-BBAC3B76474E}.Ad-Hoc|iPhoneSimulator.ActiveCfg = Release|Any CPU
		{CAE022DB-6317-48AE-AC42-BBAC3B76474E}.Ad-Hoc|iPhoneSimulator.Build.0 = Release|Any CPU
		{CAE022DB-6317-48AE-AC42-BBAC3B76474E}.Ad-Hoc|iPhoneSimulator.Deploy.0 = Release|Any CPU
		{CAE022DB-6317-48AE-AC42-BBAC3B76474E}.Ad-Hoc|x64.ActiveCfg = Debug|Any CPU
		{CAE022DB-6317-48AE-AC42-BBAC3B76474E}.Ad-Hoc|x64.Build.0 = Debug|Any CPU
		{CAE022DB-6317-48AE-AC42-BBAC3B76474E}.Ad-Hoc|x64.Deploy.0 = Debug|Any CPU
		{CAE022DB-6317-48AE-AC42-BBAC3B76474E}.Ad-Hoc|x86.ActiveCfg = Debug|Any CPU
		{CAE022DB-6317-48AE-AC42-BBAC3B76474E}.Ad-Hoc|x86.Build.0 = Debug|Any CPU
		{CAE022DB-6317-48AE-AC42-BBAC3B76474E}.Ad-Hoc|x86.Deploy.0 = Debug|Any CPU
		{CAE022DB-6317-48AE-AC42-BBAC3B76474E}.AppStore|Any CPU.ActiveCfg = Release|Any CPU
		{CAE022DB-6317-48AE-AC42-BBAC3B76474E}.AppStore|Any CPU.Build.0 = Release|Any CPU
		{CAE022DB-6317-48AE-AC42-BBAC3B76474E}.AppStore|Any CPU.Deploy.0 = Release|Any CPU
		{CAE022DB-6317-48AE-AC42-BBAC3B76474E}.AppStore|ARM.ActiveCfg = Debug|Any CPU
		{CAE022DB-6317-48AE-AC42-BBAC3B76474E}.AppStore|ARM.Build.0 = Debug|Any CPU
		{CAE022DB-6317-48AE-AC42-BBAC3B76474E}.AppStore|ARM.Deploy.0 = Debug|Any CPU
		{CAE022DB-6317-48AE-AC42-BBAC3B76474E}.AppStore|iPhone.ActiveCfg = Release|Any CPU
		{CAE022DB-6317-48AE-AC42-BBAC3B76474E}.AppStore|iPhone.Build.0 = Release|Any CPU
		{CAE022DB-6317-48AE-AC42-BBAC3B76474E}.AppStore|iPhone.Deploy.0 = Release|Any CPU
		{CAE022DB-6317-48AE-AC42-BBAC3B76474E}.AppStore|iPhoneSimulator.ActiveCfg = Release|Any CPU
		{CAE022DB-6317-48AE-AC42-BBAC3B76474E}.AppStore|iPhoneSimulator.Build.0 = Release|Any CPU
		{CAE022DB-6317-48AE-AC42-BBAC3B76474E}.AppStore|iPhoneSimulator.Deploy.0 = Release|Any CPU
		{CAE022DB-6317-48AE-AC42-BBAC3B76474E}.AppStore|x64.ActiveCfg = Debug|Any CPU
		{CAE022DB-6317-48AE-AC42-BBAC3B76474E}.AppStore|x64.Build.0 = Debug|Any CPU
		{CAE022DB-6317-48AE-AC42-BBAC3B76474E}.AppStore|x64.Deploy.0 = Debug|Any CPU
		{CAE022DB-6317-48AE-AC42-BBAC3B76474E}.AppStore|x86.ActiveCfg = Debug|Any CPU
		{CAE022DB-6317-48AE-AC42-BBAC3B76474E}.AppStore|x86.Build.0 = Debug|Any CPU
		{CAE022DB-6317-48AE-AC42-BBAC3B76474E}.AppStore|x86.Deploy.0 = Debug|Any CPU
		{CAE022DB-6317-48AE-AC42-BBAC3B76474E}.Debug|Any CPU.ActiveCfg = Debug|Any CPU
		{CAE022DB-6317-48AE-AC42-BBAC3B76474E}.Debug|Any CPU.Build.0 = Debug|Any CPU
		{CAE022DB-6317-48AE-AC42-BBAC3B76474E}.Debug|Any CPU.Deploy.0 = Debug|Any CPU
		{CAE022DB-6317-48AE-AC42-BBAC3B76474E}.Debug|ARM.ActiveCfg = Debug|Any CPU
		{CAE022DB-6317-48AE-AC42-BBAC3B76474E}.Debug|ARM.Build.0 = Debug|Any CPU
		{CAE022DB-6317-48AE-AC42-BBAC3B76474E}.Debug|ARM.Deploy.0 = Debug|Any CPU
		{CAE022DB-6317-48AE-AC42-BBAC3B76474E}.Debug|iPhone.ActiveCfg = Debug|Any CPU
		{CAE022DB-6317-48AE-AC42-BBAC3B76474E}.Debug|iPhone.Build.0 = Debug|Any CPU
		{CAE022DB-6317-48AE-AC42-BBAC3B76474E}.Debug|iPhone.Deploy.0 = Debug|Any CPU
		{CAE022DB-6317-48AE-AC42-BBAC3B76474E}.Debug|iPhoneSimulator.ActiveCfg = Debug|Any CPU
		{CAE022DB-6317-48AE-AC42-BBAC3B76474E}.Debug|iPhoneSimulator.Build.0 = Debug|Any CPU
		{CAE022DB-6317-48AE-AC42-BBAC3B76474E}.Debug|iPhoneSimulator.Deploy.0 = Debug|Any CPU
		{CAE022DB-6317-48AE-AC42-BBAC3B76474E}.Debug|x64.ActiveCfg = Debug|Any CPU
		{CAE022DB-6317-48AE-AC42-BBAC3B76474E}.Debug|x64.Build.0 = Debug|Any CPU
		{CAE022DB-6317-48AE-AC42-BBAC3B76474E}.Debug|x64.Deploy.0 = Debug|Any CPU
		{CAE022DB-6317-48AE-AC42-BBAC3B76474E}.Debug|x86.ActiveCfg = Debug|Any CPU
		{CAE022DB-6317-48AE-AC42-BBAC3B76474E}.Debug|x86.Build.0 = Debug|Any CPU
		{CAE022DB-6317-48AE-AC42-BBAC3B76474E}.Debug|x86.Deploy.0 = Debug|Any CPU
		{CAE022DB-6317-48AE-AC42-BBAC3B76474E}.Release|Any CPU.ActiveCfg = Release|Any CPU
		{CAE022DB-6317-48AE-AC42-BBAC3B76474E}.Release|Any CPU.Build.0 = Release|Any CPU
		{CAE022DB-6317-48AE-AC42-BBAC3B76474E}.Release|Any CPU.Deploy.0 = Release|Any CPU
		{CAE022DB-6317-48AE-AC42-BBAC3B76474E}.Release|ARM.ActiveCfg = Release|Any CPU
		{CAE022DB-6317-48AE-AC42-BBAC3B76474E}.Release|ARM.Build.0 = Release|Any CPU
		{CAE022DB-6317-48AE-AC42-BBAC3B76474E}.Release|ARM.Deploy.0 = Release|Any CPU
		{CAE022DB-6317-48AE-AC42-BBAC3B76474E}.Release|iPhone.ActiveCfg = Release|Any CPU
		{CAE022DB-6317-48AE-AC42-BBAC3B76474E}.Release|iPhone.Build.0 = Release|Any CPU
		{CAE022DB-6317-48AE-AC42-BBAC3B76474E}.Release|iPhone.Deploy.0 = Release|Any CPU
		{CAE022DB-6317-48AE-AC42-BBAC3B76474E}.Release|iPhoneSimulator.ActiveCfg = Release|Any CPU
		{CAE022DB-6317-48AE-AC42-BBAC3B76474E}.Release|iPhoneSimulator.Build.0 = Release|Any CPU
		{CAE022DB-6317-48AE-AC42-BBAC3B76474E}.Release|iPhoneSimulator.Deploy.0 = Release|Any CPU
		{CAE022DB-6317-48AE-AC42-BBAC3B76474E}.Release|x64.ActiveCfg = Release|Any CPU
		{CAE022DB-6317-48AE-AC42-BBAC3B76474E}.Release|x64.Build.0 = Release|Any CPU
		{CAE022DB-6317-48AE-AC42-BBAC3B76474E}.Release|x64.Deploy.0 = Release|Any CPU
		{CAE022DB-6317-48AE-AC42-BBAC3B76474E}.Release|x86.ActiveCfg = Release|Any CPU
		{CAE022DB-6317-48AE-AC42-BBAC3B76474E}.Release|x86.Build.0 = Release|Any CPU
		{CAE022DB-6317-48AE-AC42-BBAC3B76474E}.Release|x86.Deploy.0 = Release|Any CPU
		{266B600E-64A2-4855-83F0-0AB854C9A658}.Ad-Hoc|Any CPU.ActiveCfg = Release|Any CPU
		{266B600E-64A2-4855-83F0-0AB854C9A658}.Ad-Hoc|Any CPU.Build.0 = Release|Any CPU
		{266B600E-64A2-4855-83F0-0AB854C9A658}.Ad-Hoc|ARM.ActiveCfg = Debug|Any CPU
		{266B600E-64A2-4855-83F0-0AB854C9A658}.Ad-Hoc|ARM.Build.0 = Debug|Any CPU
		{266B600E-64A2-4855-83F0-0AB854C9A658}.Ad-Hoc|iPhone.ActiveCfg = Release|Any CPU
		{266B600E-64A2-4855-83F0-0AB854C9A658}.Ad-Hoc|iPhone.Build.0 = Release|Any CPU
		{266B600E-64A2-4855-83F0-0AB854C9A658}.Ad-Hoc|iPhoneSimulator.ActiveCfg = Release|Any CPU
		{266B600E-64A2-4855-83F0-0AB854C9A658}.Ad-Hoc|iPhoneSimulator.Build.0 = Release|Any CPU
		{266B600E-64A2-4855-83F0-0AB854C9A658}.Ad-Hoc|x64.ActiveCfg = Debug|Any CPU
		{266B600E-64A2-4855-83F0-0AB854C9A658}.Ad-Hoc|x64.Build.0 = Debug|Any CPU
		{266B600E-64A2-4855-83F0-0AB854C9A658}.Ad-Hoc|x86.ActiveCfg = Debug|Any CPU
		{266B600E-64A2-4855-83F0-0AB854C9A658}.Ad-Hoc|x86.Build.0 = Debug|Any CPU
		{266B600E-64A2-4855-83F0-0AB854C9A658}.AppStore|Any CPU.ActiveCfg = Release|Any CPU
		{266B600E-64A2-4855-83F0-0AB854C9A658}.AppStore|Any CPU.Build.0 = Release|Any CPU
		{266B600E-64A2-4855-83F0-0AB854C9A658}.AppStore|ARM.ActiveCfg = Debug|Any CPU
		{266B600E-64A2-4855-83F0-0AB854C9A658}.AppStore|ARM.Build.0 = Debug|Any CPU
		{266B600E-64A2-4855-83F0-0AB854C9A658}.AppStore|iPhone.ActiveCfg = Release|Any CPU
		{266B600E-64A2-4855-83F0-0AB854C9A658}.AppStore|iPhone.Build.0 = Release|Any CPU
		{266B600E-64A2-4855-83F0-0AB854C9A658}.AppStore|iPhoneSimulator.ActiveCfg = Release|Any CPU
		{266B600E-64A2-4855-83F0-0AB854C9A658}.AppStore|iPhoneSimulator.Build.0 = Release|Any CPU
		{266B600E-64A2-4855-83F0-0AB854C9A658}.AppStore|x64.ActiveCfg = Debug|Any CPU
		{266B600E-64A2-4855-83F0-0AB854C9A658}.AppStore|x64.Build.0 = Debug|Any CPU
		{266B600E-64A2-4855-83F0-0AB854C9A658}.AppStore|x86.ActiveCfg = Debug|Any CPU
		{266B600E-64A2-4855-83F0-0AB854C9A658}.AppStore|x86.Build.0 = Debug|Any CPU
		{266B600E-64A2-4855-83F0-0AB854C9A658}.Debug|Any CPU.ActiveCfg = Debug|Any CPU
		{266B600E-64A2-4855-83F0-0AB854C9A658}.Debug|Any CPU.Build.0 = Debug|Any CPU
		{266B600E-64A2-4855-83F0-0AB854C9A658}.Debug|ARM.ActiveCfg = Debug|Any CPU
		{266B600E-64A2-4855-83F0-0AB854C9A658}.Debug|ARM.Build.0 = Debug|Any CPU
		{266B600E-64A2-4855-83F0-0AB854C9A658}.Debug|iPhone.ActiveCfg = Debug|Any CPU
		{266B600E-64A2-4855-83F0-0AB854C9A658}.Debug|iPhone.Build.0 = Debug|Any CPU
		{266B600E-64A2-4855-83F0-0AB854C9A658}.Debug|iPhoneSimulator.ActiveCfg = Debug|Any CPU
		{266B600E-64A2-4855-83F0-0AB854C9A658}.Debug|iPhoneSimulator.Build.0 = Debug|Any CPU
		{266B600E-64A2-4855-83F0-0AB854C9A658}.Debug|x64.ActiveCfg = Debug|Any CPU
		{266B600E-64A2-4855-83F0-0AB854C9A658}.Debug|x64.Build.0 = Debug|Any CPU
		{266B600E-64A2-4855-83F0-0AB854C9A658}.Debug|x86.ActiveCfg = Debug|Any CPU
		{266B600E-64A2-4855-83F0-0AB854C9A658}.Debug|x86.Build.0 = Debug|Any CPU
		{266B600E-64A2-4855-83F0-0AB854C9A658}.Release|Any CPU.ActiveCfg = Release|Any CPU
		{266B600E-64A2-4855-83F0-0AB854C9A658}.Release|Any CPU.Build.0 = Release|Any CPU
		{266B600E-64A2-4855-83F0-0AB854C9A658}.Release|ARM.ActiveCfg = Release|Any CPU
		{266B600E-64A2-4855-83F0-0AB854C9A658}.Release|ARM.Build.0 = Release|Any CPU
		{266B600E-64A2-4855-83F0-0AB854C9A658}.Release|iPhone.ActiveCfg = Release|Any CPU
		{266B600E-64A2-4855-83F0-0AB854C9A658}.Release|iPhone.Build.0 = Release|Any CPU
		{266B600E-64A2-4855-83F0-0AB854C9A658}.Release|iPhoneSimulator.ActiveCfg = Release|Any CPU
		{266B600E-64A2-4855-83F0-0AB854C9A658}.Release|iPhoneSimulator.Build.0 = Release|Any CPU
		{266B600E-64A2-4855-83F0-0AB854C9A658}.Release|x64.ActiveCfg = Release|Any CPU
		{266B600E-64A2-4855-83F0-0AB854C9A658}.Release|x64.Build.0 = Release|Any CPU
		{266B600E-64A2-4855-83F0-0AB854C9A658}.Release|x86.ActiveCfg = Release|Any CPU
		{266B600E-64A2-4855-83F0-0AB854C9A658}.Release|x86.Build.0 = Release|Any CPU
		{442DD262-5E49-4599-BDD2-D0968770EE3A}.Ad-Hoc|Any CPU.ActiveCfg = Release|Any CPU
		{442DD262-5E49-4599-BDD2-D0968770EE3A}.Ad-Hoc|Any CPU.Build.0 = Release|Any CPU
		{442DD262-5E49-4599-BDD2-D0968770EE3A}.Ad-Hoc|ARM.ActiveCfg = Debug|Any CPU
		{442DD262-5E49-4599-BDD2-D0968770EE3A}.Ad-Hoc|ARM.Build.0 = Debug|Any CPU
		{442DD262-5E49-4599-BDD2-D0968770EE3A}.Ad-Hoc|iPhone.ActiveCfg = Release|Any CPU
		{442DD262-5E49-4599-BDD2-D0968770EE3A}.Ad-Hoc|iPhone.Build.0 = Release|Any CPU
		{442DD262-5E49-4599-BDD2-D0968770EE3A}.Ad-Hoc|iPhoneSimulator.ActiveCfg = Release|Any CPU
		{442DD262-5E49-4599-BDD2-D0968770EE3A}.Ad-Hoc|iPhoneSimulator.Build.0 = Release|Any CPU
		{442DD262-5E49-4599-BDD2-D0968770EE3A}.Ad-Hoc|x64.ActiveCfg = Debug|Any CPU
		{442DD262-5E49-4599-BDD2-D0968770EE3A}.Ad-Hoc|x64.Build.0 = Debug|Any CPU
		{442DD262-5E49-4599-BDD2-D0968770EE3A}.Ad-Hoc|x86.ActiveCfg = Debug|Any CPU
		{442DD262-5E49-4599-BDD2-D0968770EE3A}.Ad-Hoc|x86.Build.0 = Debug|Any CPU
		{442DD262-5E49-4599-BDD2-D0968770EE3A}.AppStore|Any CPU.ActiveCfg = Release|Any CPU
		{442DD262-5E49-4599-BDD2-D0968770EE3A}.AppStore|Any CPU.Build.0 = Release|Any CPU
		{442DD262-5E49-4599-BDD2-D0968770EE3A}.AppStore|ARM.ActiveCfg = Debug|Any CPU
		{442DD262-5E49-4599-BDD2-D0968770EE3A}.AppStore|ARM.Build.0 = Debug|Any CPU
		{442DD262-5E49-4599-BDD2-D0968770EE3A}.AppStore|iPhone.ActiveCfg = Release|Any CPU
		{442DD262-5E49-4599-BDD2-D0968770EE3A}.AppStore|iPhone.Build.0 = Release|Any CPU
		{442DD262-5E49-4599-BDD2-D0968770EE3A}.AppStore|iPhoneSimulator.ActiveCfg = Release|Any CPU
		{442DD262-5E49-4599-BDD2-D0968770EE3A}.AppStore|iPhoneSimulator.Build.0 = Release|Any CPU
		{442DD262-5E49-4599-BDD2-D0968770EE3A}.AppStore|x64.ActiveCfg = Debug|Any CPU
		{442DD262-5E49-4599-BDD2-D0968770EE3A}.AppStore|x64.Build.0 = Debug|Any CPU
		{442DD262-5E49-4599-BDD2-D0968770EE3A}.AppStore|x86.ActiveCfg = Debug|Any CPU
		{442DD262-5E49-4599-BDD2-D0968770EE3A}.AppStore|x86.Build.0 = Debug|Any CPU
		{442DD262-5E49-4599-BDD2-D0968770EE3A}.Debug|Any CPU.ActiveCfg = Debug|Any CPU
		{442DD262-5E49-4599-BDD2-D0968770EE3A}.Debug|Any CPU.Build.0 = Debug|Any CPU
		{442DD262-5E49-4599-BDD2-D0968770EE3A}.Debug|ARM.ActiveCfg = Debug|Any CPU
		{442DD262-5E49-4599-BDD2-D0968770EE3A}.Debug|ARM.Build.0 = Debug|Any CPU
		{442DD262-5E49-4599-BDD2-D0968770EE3A}.Debug|iPhone.ActiveCfg = Debug|Any CPU
		{442DD262-5E49-4599-BDD2-D0968770EE3A}.Debug|iPhone.Build.0 = Debug|Any CPU
		{442DD262-5E49-4599-BDD2-D0968770EE3A}.Debug|iPhoneSimulator.ActiveCfg = Debug|Any CPU
		{442DD262-5E49-4599-BDD2-D0968770EE3A}.Debug|iPhoneSimulator.Build.0 = Debug|Any CPU
		{442DD262-5E49-4599-BDD2-D0968770EE3A}.Debug|x64.ActiveCfg = Debug|Any CPU
		{442DD262-5E49-4599-BDD2-D0968770EE3A}.Debug|x64.Build.0 = Debug|Any CPU
		{442DD262-5E49-4599-BDD2-D0968770EE3A}.Debug|x86.ActiveCfg = Debug|Any CPU
		{442DD262-5E49-4599-BDD2-D0968770EE3A}.Debug|x86.Build.0 = Debug|Any CPU
		{442DD262-5E49-4599-BDD2-D0968770EE3A}.Release|Any CPU.ActiveCfg = Release|Any CPU
		{442DD262-5E49-4599-BDD2-D0968770EE3A}.Release|Any CPU.Build.0 = Release|Any CPU
		{442DD262-5E49-4599-BDD2-D0968770EE3A}.Release|ARM.ActiveCfg = Release|Any CPU
		{442DD262-5E49-4599-BDD2-D0968770EE3A}.Release|ARM.Build.0 = Release|Any CPU
		{442DD262-5E49-4599-BDD2-D0968770EE3A}.Release|iPhone.ActiveCfg = Release|Any CPU
		{442DD262-5E49-4599-BDD2-D0968770EE3A}.Release|iPhone.Build.0 = Release|Any CPU
		{442DD262-5E49-4599-BDD2-D0968770EE3A}.Release|iPhoneSimulator.ActiveCfg = Release|Any CPU
		{442DD262-5E49-4599-BDD2-D0968770EE3A}.Release|iPhoneSimulator.Build.0 = Release|Any CPU
		{442DD262-5E49-4599-BDD2-D0968770EE3A}.Release|x64.ActiveCfg = Release|Any CPU
		{442DD262-5E49-4599-BDD2-D0968770EE3A}.Release|x64.Build.0 = Release|Any CPU
		{442DD262-5E49-4599-BDD2-D0968770EE3A}.Release|x86.ActiveCfg = Release|Any CPU
		{442DD262-5E49-4599-BDD2-D0968770EE3A}.Release|x86.Build.0 = Release|Any CPU
		{5576BE37-4E74-4CBA-ABFA-3E813E7B39A0}.Ad-Hoc|Any CPU.ActiveCfg = Release|Any CPU
		{5576BE37-4E74-4CBA-ABFA-3E813E7B39A0}.Ad-Hoc|Any CPU.Build.0 = Release|Any CPU
		{5576BE37-4E74-4CBA-ABFA-3E813E7B39A0}.Ad-Hoc|ARM.ActiveCfg = Debug|Any CPU
		{5576BE37-4E74-4CBA-ABFA-3E813E7B39A0}.Ad-Hoc|ARM.Build.0 = Debug|Any CPU
		{5576BE37-4E74-4CBA-ABFA-3E813E7B39A0}.Ad-Hoc|iPhone.ActiveCfg = Release|Any CPU
		{5576BE37-4E74-4CBA-ABFA-3E813E7B39A0}.Ad-Hoc|iPhone.Build.0 = Release|Any CPU
		{5576BE37-4E74-4CBA-ABFA-3E813E7B39A0}.Ad-Hoc|iPhoneSimulator.ActiveCfg = Release|Any CPU
		{5576BE37-4E74-4CBA-ABFA-3E813E7B39A0}.Ad-Hoc|iPhoneSimulator.Build.0 = Release|Any CPU
		{5576BE37-4E74-4CBA-ABFA-3E813E7B39A0}.Ad-Hoc|x64.ActiveCfg = Debug|Any CPU
		{5576BE37-4E74-4CBA-ABFA-3E813E7B39A0}.Ad-Hoc|x64.Build.0 = Debug|Any CPU
		{5576BE37-4E74-4CBA-ABFA-3E813E7B39A0}.Ad-Hoc|x86.ActiveCfg = Debug|Any CPU
		{5576BE37-4E74-4CBA-ABFA-3E813E7B39A0}.Ad-Hoc|x86.Build.0 = Debug|Any CPU
		{5576BE37-4E74-4CBA-ABFA-3E813E7B39A0}.AppStore|Any CPU.ActiveCfg = Release|Any CPU
		{5576BE37-4E74-4CBA-ABFA-3E813E7B39A0}.AppStore|Any CPU.Build.0 = Release|Any CPU
		{5576BE37-4E74-4CBA-ABFA-3E813E7B39A0}.AppStore|ARM.ActiveCfg = Debug|Any CPU
		{5576BE37-4E74-4CBA-ABFA-3E813E7B39A0}.AppStore|ARM.Build.0 = Debug|Any CPU
		{5576BE37-4E74-4CBA-ABFA-3E813E7B39A0}.AppStore|iPhone.ActiveCfg = Release|Any CPU
		{5576BE37-4E74-4CBA-ABFA-3E813E7B39A0}.AppStore|iPhone.Build.0 = Release|Any CPU
		{5576BE37-4E74-4CBA-ABFA-3E813E7B39A0}.AppStore|iPhoneSimulator.ActiveCfg = Release|Any CPU
		{5576BE37-4E74-4CBA-ABFA-3E813E7B39A0}.AppStore|iPhoneSimulator.Build.0 = Release|Any CPU
		{5576BE37-4E74-4CBA-ABFA-3E813E7B39A0}.AppStore|x64.ActiveCfg = Debug|Any CPU
		{5576BE37-4E74-4CBA-ABFA-3E813E7B39A0}.AppStore|x64.Build.0 = Debug|Any CPU
		{5576BE37-4E74-4CBA-ABFA-3E813E7B39A0}.AppStore|x86.ActiveCfg = Debug|Any CPU
		{5576BE37-4E74-4CBA-ABFA-3E813E7B39A0}.AppStore|x86.Build.0 = Debug|Any CPU
		{5576BE37-4E74-4CBA-ABFA-3E813E7B39A0}.Debug|Any CPU.ActiveCfg = Debug|Any CPU
		{5576BE37-4E74-4CBA-ABFA-3E813E7B39A0}.Debug|Any CPU.Build.0 = Debug|Any CPU
		{5576BE37-4E74-4CBA-ABFA-3E813E7B39A0}.Debug|ARM.ActiveCfg = Debug|Any CPU
		{5576BE37-4E74-4CBA-ABFA-3E813E7B39A0}.Debug|ARM.Build.0 = Debug|Any CPU
		{5576BE37-4E74-4CBA-ABFA-3E813E7B39A0}.Debug|iPhone.ActiveCfg = Debug|Any CPU
		{5576BE37-4E74-4CBA-ABFA-3E813E7B39A0}.Debug|iPhone.Build.0 = Debug|Any CPU
		{5576BE37-4E74-4CBA-ABFA-3E813E7B39A0}.Debug|iPhoneSimulator.ActiveCfg = Debug|Any CPU
		{5576BE37-4E74-4CBA-ABFA-3E813E7B39A0}.Debug|iPhoneSimulator.Build.0 = Debug|Any CPU
		{5576BE37-4E74-4CBA-ABFA-3E813E7B39A0}.Debug|x64.ActiveCfg = Debug|Any CPU
		{5576BE37-4E74-4CBA-ABFA-3E813E7B39A0}.Debug|x64.Build.0 = Debug|Any CPU
		{5576BE37-4E74-4CBA-ABFA-3E813E7B39A0}.Debug|x86.ActiveCfg = Debug|Any CPU
		{5576BE37-4E74-4CBA-ABFA-3E813E7B39A0}.Debug|x86.Build.0 = Debug|Any CPU
		{5576BE37-4E74-4CBA-ABFA-3E813E7B39A0}.Release|Any CPU.ActiveCfg = Release|Any CPU
		{5576BE37-4E74-4CBA-ABFA-3E813E7B39A0}.Release|Any CPU.Build.0 = Release|Any CPU
		{5576BE37-4E74-4CBA-ABFA-3E813E7B39A0}.Release|ARM.ActiveCfg = Release|Any CPU
		{5576BE37-4E74-4CBA-ABFA-3E813E7B39A0}.Release|ARM.Build.0 = Release|Any CPU
		{5576BE37-4E74-4CBA-ABFA-3E813E7B39A0}.Release|iPhone.ActiveCfg = Release|Any CPU
		{5576BE37-4E74-4CBA-ABFA-3E813E7B39A0}.Release|iPhone.Build.0 = Release|Any CPU
		{5576BE37-4E74-4CBA-ABFA-3E813E7B39A0}.Release|iPhoneSimulator.ActiveCfg = Release|Any CPU
		{5576BE37-4E74-4CBA-ABFA-3E813E7B39A0}.Release|iPhoneSimulator.Build.0 = Release|Any CPU
		{5576BE37-4E74-4CBA-ABFA-3E813E7B39A0}.Release|x64.ActiveCfg = Release|Any CPU
		{5576BE37-4E74-4CBA-ABFA-3E813E7B39A0}.Release|x64.Build.0 = Release|Any CPU
		{5576BE37-4E74-4CBA-ABFA-3E813E7B39A0}.Release|x86.ActiveCfg = Release|Any CPU
		{5576BE37-4E74-4CBA-ABFA-3E813E7B39A0}.Release|x86.Build.0 = Release|Any CPU
		{67F9D3A8-F71E-4428-913F-C37AE82CDB24}.Ad-Hoc|Any CPU.ActiveCfg = Release|Any CPU
		{67F9D3A8-F71E-4428-913F-C37AE82CDB24}.Ad-Hoc|Any CPU.Build.0 = Release|Any CPU
		{67F9D3A8-F71E-4428-913F-C37AE82CDB24}.Ad-Hoc|ARM.ActiveCfg = Debug|Any CPU
		{67F9D3A8-F71E-4428-913F-C37AE82CDB24}.Ad-Hoc|ARM.Build.0 = Debug|Any CPU
		{67F9D3A8-F71E-4428-913F-C37AE82CDB24}.Ad-Hoc|iPhone.ActiveCfg = Release|Any CPU
		{67F9D3A8-F71E-4428-913F-C37AE82CDB24}.Ad-Hoc|iPhone.Build.0 = Release|Any CPU
		{67F9D3A8-F71E-4428-913F-C37AE82CDB24}.Ad-Hoc|iPhoneSimulator.ActiveCfg = Release|Any CPU
		{67F9D3A8-F71E-4428-913F-C37AE82CDB24}.Ad-Hoc|iPhoneSimulator.Build.0 = Release|Any CPU
		{67F9D3A8-F71E-4428-913F-C37AE82CDB24}.Ad-Hoc|x64.ActiveCfg = Debug|Any CPU
		{67F9D3A8-F71E-4428-913F-C37AE82CDB24}.Ad-Hoc|x64.Build.0 = Debug|Any CPU
		{67F9D3A8-F71E-4428-913F-C37AE82CDB24}.Ad-Hoc|x86.ActiveCfg = Debug|Any CPU
		{67F9D3A8-F71E-4428-913F-C37AE82CDB24}.Ad-Hoc|x86.Build.0 = Debug|Any CPU
		{67F9D3A8-F71E-4428-913F-C37AE82CDB24}.AppStore|Any CPU.ActiveCfg = Release|Any CPU
		{67F9D3A8-F71E-4428-913F-C37AE82CDB24}.AppStore|Any CPU.Build.0 = Release|Any CPU
		{67F9D3A8-F71E-4428-913F-C37AE82CDB24}.AppStore|ARM.ActiveCfg = Debug|Any CPU
		{67F9D3A8-F71E-4428-913F-C37AE82CDB24}.AppStore|ARM.Build.0 = Debug|Any CPU
		{67F9D3A8-F71E-4428-913F-C37AE82CDB24}.AppStore|iPhone.ActiveCfg = Release|Any CPU
		{67F9D3A8-F71E-4428-913F-C37AE82CDB24}.AppStore|iPhone.Build.0 = Release|Any CPU
		{67F9D3A8-F71E-4428-913F-C37AE82CDB24}.AppStore|iPhoneSimulator.ActiveCfg = Release|Any CPU
		{67F9D3A8-F71E-4428-913F-C37AE82CDB24}.AppStore|iPhoneSimulator.Build.0 = Release|Any CPU
		{67F9D3A8-F71E-4428-913F-C37AE82CDB24}.AppStore|x64.ActiveCfg = Debug|Any CPU
		{67F9D3A8-F71E-4428-913F-C37AE82CDB24}.AppStore|x64.Build.0 = Debug|Any CPU
		{67F9D3A8-F71E-4428-913F-C37AE82CDB24}.AppStore|x86.ActiveCfg = Debug|Any CPU
		{67F9D3A8-F71E-4428-913F-C37AE82CDB24}.AppStore|x86.Build.0 = Debug|Any CPU
		{67F9D3A8-F71E-4428-913F-C37AE82CDB24}.Debug|Any CPU.ActiveCfg = Debug|Any CPU
		{67F9D3A8-F71E-4428-913F-C37AE82CDB24}.Debug|Any CPU.Build.0 = Debug|Any CPU
		{67F9D3A8-F71E-4428-913F-C37AE82CDB24}.Debug|ARM.ActiveCfg = Debug|Any CPU
		{67F9D3A8-F71E-4428-913F-C37AE82CDB24}.Debug|ARM.Build.0 = Debug|Any CPU
		{67F9D3A8-F71E-4428-913F-C37AE82CDB24}.Debug|iPhone.ActiveCfg = Debug|Any CPU
		{67F9D3A8-F71E-4428-913F-C37AE82CDB24}.Debug|iPhone.Build.0 = Debug|Any CPU
		{67F9D3A8-F71E-4428-913F-C37AE82CDB24}.Debug|iPhoneSimulator.ActiveCfg = Debug|Any CPU
		{67F9D3A8-F71E-4428-913F-C37AE82CDB24}.Debug|iPhoneSimulator.Build.0 = Debug|Any CPU
		{67F9D3A8-F71E-4428-913F-C37AE82CDB24}.Debug|x64.ActiveCfg = Debug|Any CPU
		{67F9D3A8-F71E-4428-913F-C37AE82CDB24}.Debug|x64.Build.0 = Debug|Any CPU
		{67F9D3A8-F71E-4428-913F-C37AE82CDB24}.Debug|x86.ActiveCfg = Debug|Any CPU
		{67F9D3A8-F71E-4428-913F-C37AE82CDB24}.Debug|x86.Build.0 = Debug|Any CPU
		{67F9D3A8-F71E-4428-913F-C37AE82CDB24}.Release|Any CPU.ActiveCfg = Release|Any CPU
		{67F9D3A8-F71E-4428-913F-C37AE82CDB24}.Release|Any CPU.Build.0 = Release|Any CPU
		{67F9D3A8-F71E-4428-913F-C37AE82CDB24}.Release|ARM.ActiveCfg = Release|Any CPU
		{67F9D3A8-F71E-4428-913F-C37AE82CDB24}.Release|ARM.Build.0 = Release|Any CPU
		{67F9D3A8-F71E-4428-913F-C37AE82CDB24}.Release|iPhone.ActiveCfg = Release|Any CPU
		{67F9D3A8-F71E-4428-913F-C37AE82CDB24}.Release|iPhone.Build.0 = Release|Any CPU
		{67F9D3A8-F71E-4428-913F-C37AE82CDB24}.Release|iPhoneSimulator.ActiveCfg = Release|Any CPU
		{67F9D3A8-F71E-4428-913F-C37AE82CDB24}.Release|iPhoneSimulator.Build.0 = Release|Any CPU
		{67F9D3A8-F71E-4428-913F-C37AE82CDB24}.Release|x64.ActiveCfg = Release|Any CPU
		{67F9D3A8-F71E-4428-913F-C37AE82CDB24}.Release|x64.Build.0 = Release|Any CPU
		{67F9D3A8-F71E-4428-913F-C37AE82CDB24}.Release|x86.ActiveCfg = Release|Any CPU
		{67F9D3A8-F71E-4428-913F-C37AE82CDB24}.Release|x86.Build.0 = Release|Any CPU
		{C47AF74D-3271-412E-BF69-716659854DD8}.Ad-Hoc|Any CPU.ActiveCfg = Release|Any CPU
		{C47AF74D-3271-412E-BF69-716659854DD8}.Ad-Hoc|Any CPU.Build.0 = Release|Any CPU
		{C47AF74D-3271-412E-BF69-716659854DD8}.Ad-Hoc|ARM.ActiveCfg = Debug|Any CPU
		{C47AF74D-3271-412E-BF69-716659854DD8}.Ad-Hoc|ARM.Build.0 = Debug|Any CPU
		{C47AF74D-3271-412E-BF69-716659854DD8}.Ad-Hoc|iPhone.ActiveCfg = Release|Any CPU
		{C47AF74D-3271-412E-BF69-716659854DD8}.Ad-Hoc|iPhone.Build.0 = Release|Any CPU
		{C47AF74D-3271-412E-BF69-716659854DD8}.Ad-Hoc|iPhoneSimulator.ActiveCfg = Release|Any CPU
		{C47AF74D-3271-412E-BF69-716659854DD8}.Ad-Hoc|iPhoneSimulator.Build.0 = Release|Any CPU
		{C47AF74D-3271-412E-BF69-716659854DD8}.Ad-Hoc|x64.ActiveCfg = Debug|Any CPU
		{C47AF74D-3271-412E-BF69-716659854DD8}.Ad-Hoc|x64.Build.0 = Debug|Any CPU
		{C47AF74D-3271-412E-BF69-716659854DD8}.Ad-Hoc|x86.ActiveCfg = Debug|Any CPU
		{C47AF74D-3271-412E-BF69-716659854DD8}.Ad-Hoc|x86.Build.0 = Debug|Any CPU
		{C47AF74D-3271-412E-BF69-716659854DD8}.AppStore|Any CPU.ActiveCfg = Release|Any CPU
		{C47AF74D-3271-412E-BF69-716659854DD8}.AppStore|Any CPU.Build.0 = Release|Any CPU
		{C47AF74D-3271-412E-BF69-716659854DD8}.AppStore|ARM.ActiveCfg = Debug|Any CPU
		{C47AF74D-3271-412E-BF69-716659854DD8}.AppStore|ARM.Build.0 = Debug|Any CPU
		{C47AF74D-3271-412E-BF69-716659854DD8}.AppStore|iPhone.ActiveCfg = Release|Any CPU
		{C47AF74D-3271-412E-BF69-716659854DD8}.AppStore|iPhone.Build.0 = Release|Any CPU
		{C47AF74D-3271-412E-BF69-716659854DD8}.AppStore|iPhoneSimulator.ActiveCfg = Release|Any CPU
		{C47AF74D-3271-412E-BF69-716659854DD8}.AppStore|iPhoneSimulator.Build.0 = Release|Any CPU
		{C47AF74D-3271-412E-BF69-716659854DD8}.AppStore|x64.ActiveCfg = Debug|Any CPU
		{C47AF74D-3271-412E-BF69-716659854DD8}.AppStore|x64.Build.0 = Debug|Any CPU
		{C47AF74D-3271-412E-BF69-716659854DD8}.AppStore|x86.ActiveCfg = Debug|Any CPU
		{C47AF74D-3271-412E-BF69-716659854DD8}.AppStore|x86.Build.0 = Debug|Any CPU
		{C47AF74D-3271-412E-BF69-716659854DD8}.Debug|Any CPU.ActiveCfg = Debug|Any CPU
		{C47AF74D-3271-412E-BF69-716659854DD8}.Debug|Any CPU.Build.0 = Debug|Any CPU
		{C47AF74D-3271-412E-BF69-716659854DD8}.Debug|ARM.ActiveCfg = Debug|Any CPU
		{C47AF74D-3271-412E-BF69-716659854DD8}.Debug|ARM.Build.0 = Debug|Any CPU
		{C47AF74D-3271-412E-BF69-716659854DD8}.Debug|iPhone.ActiveCfg = Debug|Any CPU
		{C47AF74D-3271-412E-BF69-716659854DD8}.Debug|iPhone.Build.0 = Debug|Any CPU
		{C47AF74D-3271-412E-BF69-716659854DD8}.Debug|iPhoneSimulator.ActiveCfg = Debug|Any CPU
		{C47AF74D-3271-412E-BF69-716659854DD8}.Debug|iPhoneSimulator.Build.0 = Debug|Any CPU
		{C47AF74D-3271-412E-BF69-716659854DD8}.Debug|x64.ActiveCfg = Debug|Any CPU
		{C47AF74D-3271-412E-BF69-716659854DD8}.Debug|x64.Build.0 = Debug|Any CPU
		{C47AF74D-3271-412E-BF69-716659854DD8}.Debug|x86.ActiveCfg = Debug|Any CPU
		{C47AF74D-3271-412E-BF69-716659854DD8}.Debug|x86.Build.0 = Debug|Any CPU
		{C47AF74D-3271-412E-BF69-716659854DD8}.Release|Any CPU.ActiveCfg = Release|Any CPU
		{C47AF74D-3271-412E-BF69-716659854DD8}.Release|Any CPU.Build.0 = Release|Any CPU
		{C47AF74D-3271-412E-BF69-716659854DD8}.Release|ARM.ActiveCfg = Release|Any CPU
		{C47AF74D-3271-412E-BF69-716659854DD8}.Release|ARM.Build.0 = Release|Any CPU
		{C47AF74D-3271-412E-BF69-716659854DD8}.Release|iPhone.ActiveCfg = Release|Any CPU
		{C47AF74D-3271-412E-BF69-716659854DD8}.Release|iPhone.Build.0 = Release|Any CPU
		{C47AF74D-3271-412E-BF69-716659854DD8}.Release|iPhoneSimulator.ActiveCfg = Release|Any CPU
		{C47AF74D-3271-412E-BF69-716659854DD8}.Release|iPhoneSimulator.Build.0 = Release|Any CPU
		{C47AF74D-3271-412E-BF69-716659854DD8}.Release|x64.ActiveCfg = Release|Any CPU
		{C47AF74D-3271-412E-BF69-716659854DD8}.Release|x64.Build.0 = Release|Any CPU
		{C47AF74D-3271-412E-BF69-716659854DD8}.Release|x86.ActiveCfg = Release|Any CPU
		{C47AF74D-3271-412E-BF69-716659854DD8}.Release|x86.Build.0 = Release|Any CPU
		{9EE722B9-5B6A-4D6F-BDDC-D7F56AD6EB44}.Ad-Hoc|Any CPU.ActiveCfg = Ad-Hoc|iPhone
		{9EE722B9-5B6A-4D6F-BDDC-D7F56AD6EB44}.Ad-Hoc|ARM.ActiveCfg = Ad-Hoc|iPhoneSimulator
		{9EE722B9-5B6A-4D6F-BDDC-D7F56AD6EB44}.Ad-Hoc|iPhone.ActiveCfg = Ad-Hoc|iPhone
		{9EE722B9-5B6A-4D6F-BDDC-D7F56AD6EB44}.Ad-Hoc|iPhone.Build.0 = Ad-Hoc|iPhone
		{9EE722B9-5B6A-4D6F-BDDC-D7F56AD6EB44}.Ad-Hoc|iPhoneSimulator.ActiveCfg = Ad-Hoc|iPhoneSimulator
		{9EE722B9-5B6A-4D6F-BDDC-D7F56AD6EB44}.Ad-Hoc|iPhoneSimulator.Build.0 = Ad-Hoc|iPhoneSimulator
		{9EE722B9-5B6A-4D6F-BDDC-D7F56AD6EB44}.Ad-Hoc|x64.ActiveCfg = Ad-Hoc|iPhoneSimulator
		{9EE722B9-5B6A-4D6F-BDDC-D7F56AD6EB44}.Ad-Hoc|x86.ActiveCfg = Ad-Hoc|iPhoneSimulator
		{9EE722B9-5B6A-4D6F-BDDC-D7F56AD6EB44}.AppStore|Any CPU.ActiveCfg = AppStore|iPhone
		{9EE722B9-5B6A-4D6F-BDDC-D7F56AD6EB44}.AppStore|ARM.ActiveCfg = AppStore|iPhoneSimulator
		{9EE722B9-5B6A-4D6F-BDDC-D7F56AD6EB44}.AppStore|iPhone.ActiveCfg = AppStore|iPhone
		{9EE722B9-5B6A-4D6F-BDDC-D7F56AD6EB44}.AppStore|iPhone.Build.0 = AppStore|iPhone
		{9EE722B9-5B6A-4D6F-BDDC-D7F56AD6EB44}.AppStore|iPhoneSimulator.ActiveCfg = AppStore|iPhoneSimulator
		{9EE722B9-5B6A-4D6F-BDDC-D7F56AD6EB44}.AppStore|iPhoneSimulator.Build.0 = AppStore|iPhoneSimulator
		{9EE722B9-5B6A-4D6F-BDDC-D7F56AD6EB44}.AppStore|x64.ActiveCfg = AppStore|iPhoneSimulator
		{9EE722B9-5B6A-4D6F-BDDC-D7F56AD6EB44}.AppStore|x86.ActiveCfg = AppStore|iPhoneSimulator
		{9EE722B9-5B6A-4D6F-BDDC-D7F56AD6EB44}.Debug|Any CPU.ActiveCfg = Debug|iPhone
		{9EE722B9-5B6A-4D6F-BDDC-D7F56AD6EB44}.Debug|ARM.ActiveCfg = Debug|iPhoneSimulator
		{9EE722B9-5B6A-4D6F-BDDC-D7F56AD6EB44}.Debug|iPhone.ActiveCfg = Debug|iPhone
		{9EE722B9-5B6A-4D6F-BDDC-D7F56AD6EB44}.Debug|iPhone.Build.0 = Debug|iPhone
		{9EE722B9-5B6A-4D6F-BDDC-D7F56AD6EB44}.Debug|iPhoneSimulator.ActiveCfg = Debug|iPhoneSimulator
		{9EE722B9-5B6A-4D6F-BDDC-D7F56AD6EB44}.Debug|iPhoneSimulator.Build.0 = Debug|iPhoneSimulator
		{9EE722B9-5B6A-4D6F-BDDC-D7F56AD6EB44}.Debug|x64.ActiveCfg = Debug|iPhoneSimulator
		{9EE722B9-5B6A-4D6F-BDDC-D7F56AD6EB44}.Debug|x86.ActiveCfg = Debug|iPhoneSimulator
		{9EE722B9-5B6A-4D6F-BDDC-D7F56AD6EB44}.Release|Any CPU.ActiveCfg = Release|iPhone
		{9EE722B9-5B6A-4D6F-BDDC-D7F56AD6EB44}.Release|ARM.ActiveCfg = Release|iPhoneSimulator
		{9EE722B9-5B6A-4D6F-BDDC-D7F56AD6EB44}.Release|iPhone.ActiveCfg = Release|iPhone
		{9EE722B9-5B6A-4D6F-BDDC-D7F56AD6EB44}.Release|iPhone.Build.0 = Release|iPhone
		{9EE722B9-5B6A-4D6F-BDDC-D7F56AD6EB44}.Release|iPhoneSimulator.ActiveCfg = Release|iPhoneSimulator
		{9EE722B9-5B6A-4D6F-BDDC-D7F56AD6EB44}.Release|iPhoneSimulator.Build.0 = Release|iPhoneSimulator
		{9EE722B9-5B6A-4D6F-BDDC-D7F56AD6EB44}.Release|x64.ActiveCfg = Release|iPhoneSimulator
		{9EE722B9-5B6A-4D6F-BDDC-D7F56AD6EB44}.Release|x86.ActiveCfg = Release|iPhoneSimulator
		{14743A73-02F9-40D4-B769-6B73F1F539BA}.Ad-Hoc|Any CPU.ActiveCfg = Release|Any CPU
		{14743A73-02F9-40D4-B769-6B73F1F539BA}.Ad-Hoc|Any CPU.Build.0 = Release|Any CPU
		{14743A73-02F9-40D4-B769-6B73F1F539BA}.Ad-Hoc|ARM.ActiveCfg = Release|Any CPU
		{14743A73-02F9-40D4-B769-6B73F1F539BA}.Ad-Hoc|ARM.Build.0 = Release|Any CPU
		{14743A73-02F9-40D4-B769-6B73F1F539BA}.Ad-Hoc|iPhone.ActiveCfg = Release|Any CPU
		{14743A73-02F9-40D4-B769-6B73F1F539BA}.Ad-Hoc|iPhone.Build.0 = Release|Any CPU
		{14743A73-02F9-40D4-B769-6B73F1F539BA}.Ad-Hoc|iPhoneSimulator.ActiveCfg = Release|Any CPU
		{14743A73-02F9-40D4-B769-6B73F1F539BA}.Ad-Hoc|iPhoneSimulator.Build.0 = Release|Any CPU
		{14743A73-02F9-40D4-B769-6B73F1F539BA}.Ad-Hoc|x64.ActiveCfg = Release|Any CPU
		{14743A73-02F9-40D4-B769-6B73F1F539BA}.Ad-Hoc|x64.Build.0 = Release|Any CPU
		{14743A73-02F9-40D4-B769-6B73F1F539BA}.Ad-Hoc|x86.ActiveCfg = Release|Any CPU
		{14743A73-02F9-40D4-B769-6B73F1F539BA}.Ad-Hoc|x86.Build.0 = Release|Any CPU
		{14743A73-02F9-40D4-B769-6B73F1F539BA}.AppStore|Any CPU.ActiveCfg = Release|Any CPU
		{14743A73-02F9-40D4-B769-6B73F1F539BA}.AppStore|Any CPU.Build.0 = Release|Any CPU
		{14743A73-02F9-40D4-B769-6B73F1F539BA}.AppStore|ARM.ActiveCfg = Release|Any CPU
		{14743A73-02F9-40D4-B769-6B73F1F539BA}.AppStore|ARM.Build.0 = Release|Any CPU
		{14743A73-02F9-40D4-B769-6B73F1F539BA}.AppStore|iPhone.ActiveCfg = Release|Any CPU
		{14743A73-02F9-40D4-B769-6B73F1F539BA}.AppStore|iPhone.Build.0 = Release|Any CPU
		{14743A73-02F9-40D4-B769-6B73F1F539BA}.AppStore|iPhoneSimulator.ActiveCfg = Release|Any CPU
		{14743A73-02F9-40D4-B769-6B73F1F539BA}.AppStore|iPhoneSimulator.Build.0 = Release|Any CPU
		{14743A73-02F9-40D4-B769-6B73F1F539BA}.AppStore|x64.ActiveCfg = Release|Any CPU
		{14743A73-02F9-40D4-B769-6B73F1F539BA}.AppStore|x64.Build.0 = Release|Any CPU
		{14743A73-02F9-40D4-B769-6B73F1F539BA}.AppStore|x86.ActiveCfg = Release|Any CPU
		{14743A73-02F9-40D4-B769-6B73F1F539BA}.AppStore|x86.Build.0 = Release|Any CPU
		{14743A73-02F9-40D4-B769-6B73F1F539BA}.Debug|Any CPU.ActiveCfg = Debug|Any CPU
		{14743A73-02F9-40D4-B769-6B73F1F539BA}.Debug|Any CPU.Build.0 = Debug|Any CPU
		{14743A73-02F9-40D4-B769-6B73F1F539BA}.Debug|ARM.ActiveCfg = Debug|Any CPU
		{14743A73-02F9-40D4-B769-6B73F1F539BA}.Debug|ARM.Build.0 = Debug|Any CPU
		{14743A73-02F9-40D4-B769-6B73F1F539BA}.Debug|iPhone.ActiveCfg = Debug|Any CPU
		{14743A73-02F9-40D4-B769-6B73F1F539BA}.Debug|iPhone.Build.0 = Debug|Any CPU
		{14743A73-02F9-40D4-B769-6B73F1F539BA}.Debug|iPhoneSimulator.ActiveCfg = Debug|Any CPU
		{14743A73-02F9-40D4-B769-6B73F1F539BA}.Debug|iPhoneSimulator.Build.0 = Debug|Any CPU
		{14743A73-02F9-40D4-B769-6B73F1F539BA}.Debug|x64.ActiveCfg = Debug|Any CPU
		{14743A73-02F9-40D4-B769-6B73F1F539BA}.Debug|x64.Build.0 = Debug|Any CPU
		{14743A73-02F9-40D4-B769-6B73F1F539BA}.Debug|x86.ActiveCfg = Debug|Any CPU
		{14743A73-02F9-40D4-B769-6B73F1F539BA}.Debug|x86.Build.0 = Debug|Any CPU
		{14743A73-02F9-40D4-B769-6B73F1F539BA}.Release|Any CPU.ActiveCfg = Release|Any CPU
		{14743A73-02F9-40D4-B769-6B73F1F539BA}.Release|Any CPU.Build.0 = Release|Any CPU
		{14743A73-02F9-40D4-B769-6B73F1F539BA}.Release|ARM.ActiveCfg = Release|Any CPU
		{14743A73-02F9-40D4-B769-6B73F1F539BA}.Release|ARM.Build.0 = Release|Any CPU
		{14743A73-02F9-40D4-B769-6B73F1F539BA}.Release|iPhone.ActiveCfg = Release|Any CPU
		{14743A73-02F9-40D4-B769-6B73F1F539BA}.Release|iPhone.Build.0 = Release|Any CPU
		{14743A73-02F9-40D4-B769-6B73F1F539BA}.Release|iPhoneSimulator.ActiveCfg = Release|Any CPU
		{14743A73-02F9-40D4-B769-6B73F1F539BA}.Release|iPhoneSimulator.Build.0 = Release|Any CPU
		{14743A73-02F9-40D4-B769-6B73F1F539BA}.Release|x64.ActiveCfg = Release|Any CPU
		{14743A73-02F9-40D4-B769-6B73F1F539BA}.Release|x64.Build.0 = Release|Any CPU
		{14743A73-02F9-40D4-B769-6B73F1F539BA}.Release|x86.ActiveCfg = Release|Any CPU
		{14743A73-02F9-40D4-B769-6B73F1F539BA}.Release|x86.Build.0 = Release|Any CPU
		{4A757A59-8AAE-4E33-9770-23404BCB13B8}.Ad-Hoc|Any CPU.ActiveCfg = Release|Any CPU
		{4A757A59-8AAE-4E33-9770-23404BCB13B8}.Ad-Hoc|Any CPU.Build.0 = Release|Any CPU
		{4A757A59-8AAE-4E33-9770-23404BCB13B8}.Ad-Hoc|ARM.ActiveCfg = Release|Any CPU
		{4A757A59-8AAE-4E33-9770-23404BCB13B8}.Ad-Hoc|ARM.Build.0 = Release|Any CPU
		{4A757A59-8AAE-4E33-9770-23404BCB13B8}.Ad-Hoc|iPhone.ActiveCfg = Release|Any CPU
		{4A757A59-8AAE-4E33-9770-23404BCB13B8}.Ad-Hoc|iPhone.Build.0 = Release|Any CPU
		{4A757A59-8AAE-4E33-9770-23404BCB13B8}.Ad-Hoc|iPhoneSimulator.ActiveCfg = Release|Any CPU
		{4A757A59-8AAE-4E33-9770-23404BCB13B8}.Ad-Hoc|iPhoneSimulator.Build.0 = Release|Any CPU
		{4A757A59-8AAE-4E33-9770-23404BCB13B8}.Ad-Hoc|x64.ActiveCfg = Release|Any CPU
		{4A757A59-8AAE-4E33-9770-23404BCB13B8}.Ad-Hoc|x64.Build.0 = Release|Any CPU
		{4A757A59-8AAE-4E33-9770-23404BCB13B8}.Ad-Hoc|x86.ActiveCfg = Release|Any CPU
		{4A757A59-8AAE-4E33-9770-23404BCB13B8}.Ad-Hoc|x86.Build.0 = Release|Any CPU
		{4A757A59-8AAE-4E33-9770-23404BCB13B8}.AppStore|Any CPU.ActiveCfg = Release|Any CPU
		{4A757A59-8AAE-4E33-9770-23404BCB13B8}.AppStore|Any CPU.Build.0 = Release|Any CPU
		{4A757A59-8AAE-4E33-9770-23404BCB13B8}.AppStore|ARM.ActiveCfg = Release|Any CPU
		{4A757A59-8AAE-4E33-9770-23404BCB13B8}.AppStore|ARM.Build.0 = Release|Any CPU
		{4A757A59-8AAE-4E33-9770-23404BCB13B8}.AppStore|iPhone.ActiveCfg = Release|Any CPU
		{4A757A59-8AAE-4E33-9770-23404BCB13B8}.AppStore|iPhone.Build.0 = Release|Any CPU
		{4A757A59-8AAE-4E33-9770-23404BCB13B8}.AppStore|iPhoneSimulator.ActiveCfg = Release|Any CPU
		{4A757A59-8AAE-4E33-9770-23404BCB13B8}.AppStore|iPhoneSimulator.Build.0 = Release|Any CPU
		{4A757A59-8AAE-4E33-9770-23404BCB13B8}.AppStore|x64.ActiveCfg = Release|Any CPU
		{4A757A59-8AAE-4E33-9770-23404BCB13B8}.AppStore|x64.Build.0 = Release|Any CPU
		{4A757A59-8AAE-4E33-9770-23404BCB13B8}.AppStore|x86.ActiveCfg = Release|Any CPU
		{4A757A59-8AAE-4E33-9770-23404BCB13B8}.AppStore|x86.Build.0 = Release|Any CPU
		{4A757A59-8AAE-4E33-9770-23404BCB13B8}.Debug|Any CPU.ActiveCfg = Debug|Any CPU
		{4A757A59-8AAE-4E33-9770-23404BCB13B8}.Debug|Any CPU.Build.0 = Debug|Any CPU
		{4A757A59-8AAE-4E33-9770-23404BCB13B8}.Debug|ARM.ActiveCfg = Debug|Any CPU
		{4A757A59-8AAE-4E33-9770-23404BCB13B8}.Debug|ARM.Build.0 = Debug|Any CPU
		{4A757A59-8AAE-4E33-9770-23404BCB13B8}.Debug|iPhone.ActiveCfg = Debug|Any CPU
		{4A757A59-8AAE-4E33-9770-23404BCB13B8}.Debug|iPhone.Build.0 = Debug|Any CPU
		{4A757A59-8AAE-4E33-9770-23404BCB13B8}.Debug|iPhoneSimulator.ActiveCfg = Debug|Any CPU
		{4A757A59-8AAE-4E33-9770-23404BCB13B8}.Debug|iPhoneSimulator.Build.0 = Debug|Any CPU
		{4A757A59-8AAE-4E33-9770-23404BCB13B8}.Debug|x64.ActiveCfg = Debug|Any CPU
		{4A757A59-8AAE-4E33-9770-23404BCB13B8}.Debug|x64.Build.0 = Debug|Any CPU
		{4A757A59-8AAE-4E33-9770-23404BCB13B8}.Debug|x86.ActiveCfg = Debug|Any CPU
		{4A757A59-8AAE-4E33-9770-23404BCB13B8}.Debug|x86.Build.0 = Debug|Any CPU
		{4A757A59-8AAE-4E33-9770-23404BCB13B8}.Release|Any CPU.ActiveCfg = Release|Any CPU
		{4A757A59-8AAE-4E33-9770-23404BCB13B8}.Release|Any CPU.Build.0 = Release|Any CPU
		{4A757A59-8AAE-4E33-9770-23404BCB13B8}.Release|ARM.ActiveCfg = Release|Any CPU
		{4A757A59-8AAE-4E33-9770-23404BCB13B8}.Release|ARM.Build.0 = Release|Any CPU
		{4A757A59-8AAE-4E33-9770-23404BCB13B8}.Release|iPhone.ActiveCfg = Release|Any CPU
		{4A757A59-8AAE-4E33-9770-23404BCB13B8}.Release|iPhone.Build.0 = Release|Any CPU
		{4A757A59-8AAE-4E33-9770-23404BCB13B8}.Release|iPhoneSimulator.ActiveCfg = Release|Any CPU
		{4A757A59-8AAE-4E33-9770-23404BCB13B8}.Release|iPhoneSimulator.Build.0 = Release|Any CPU
		{4A757A59-8AAE-4E33-9770-23404BCB13B8}.Release|x64.ActiveCfg = Release|Any CPU
		{4A757A59-8AAE-4E33-9770-23404BCB13B8}.Release|x64.Build.0 = Release|Any CPU
		{4A757A59-8AAE-4E33-9770-23404BCB13B8}.Release|x86.ActiveCfg = Release|Any CPU
		{4A757A59-8AAE-4E33-9770-23404BCB13B8}.Release|x86.Build.0 = Release|Any CPU
		{C646E9A6-DECC-4A27-9E4A-2FEB355C7243}.Ad-Hoc|Any CPU.ActiveCfg = Release|Any CPU
		{C646E9A6-DECC-4A27-9E4A-2FEB355C7243}.Ad-Hoc|Any CPU.Build.0 = Release|Any CPU
		{C646E9A6-DECC-4A27-9E4A-2FEB355C7243}.Ad-Hoc|ARM.ActiveCfg = Release|Any CPU
		{C646E9A6-DECC-4A27-9E4A-2FEB355C7243}.Ad-Hoc|ARM.Build.0 = Release|Any CPU
		{C646E9A6-DECC-4A27-9E4A-2FEB355C7243}.Ad-Hoc|iPhone.ActiveCfg = Release|Any CPU
		{C646E9A6-DECC-4A27-9E4A-2FEB355C7243}.Ad-Hoc|iPhone.Build.0 = Release|Any CPU
		{C646E9A6-DECC-4A27-9E4A-2FEB355C7243}.Ad-Hoc|iPhoneSimulator.ActiveCfg = Release|Any CPU
		{C646E9A6-DECC-4A27-9E4A-2FEB355C7243}.Ad-Hoc|iPhoneSimulator.Build.0 = Release|Any CPU
		{C646E9A6-DECC-4A27-9E4A-2FEB355C7243}.Ad-Hoc|x64.ActiveCfg = Release|Any CPU
		{C646E9A6-DECC-4A27-9E4A-2FEB355C7243}.Ad-Hoc|x64.Build.0 = Release|Any CPU
		{C646E9A6-DECC-4A27-9E4A-2FEB355C7243}.Ad-Hoc|x86.ActiveCfg = Release|Any CPU
		{C646E9A6-DECC-4A27-9E4A-2FEB355C7243}.Ad-Hoc|x86.Build.0 = Release|Any CPU
		{C646E9A6-DECC-4A27-9E4A-2FEB355C7243}.AppStore|Any CPU.ActiveCfg = Release|Any CPU
		{C646E9A6-DECC-4A27-9E4A-2FEB355C7243}.AppStore|Any CPU.Build.0 = Release|Any CPU
		{C646E9A6-DECC-4A27-9E4A-2FEB355C7243}.AppStore|ARM.ActiveCfg = Release|Any CPU
		{C646E9A6-DECC-4A27-9E4A-2FEB355C7243}.AppStore|ARM.Build.0 = Release|Any CPU
		{C646E9A6-DECC-4A27-9E4A-2FEB355C7243}.AppStore|iPhone.ActiveCfg = Release|Any CPU
		{C646E9A6-DECC-4A27-9E4A-2FEB355C7243}.AppStore|iPhone.Build.0 = Release|Any CPU
		{C646E9A6-DECC-4A27-9E4A-2FEB355C7243}.AppStore|iPhoneSimulator.ActiveCfg = Release|Any CPU
		{C646E9A6-DECC-4A27-9E4A-2FEB355C7243}.AppStore|iPhoneSimulator.Build.0 = Release|Any CPU
		{C646E9A6-DECC-4A27-9E4A-2FEB355C7243}.AppStore|x64.ActiveCfg = Release|Any CPU
		{C646E9A6-DECC-4A27-9E4A-2FEB355C7243}.AppStore|x64.Build.0 = Release|Any CPU
		{C646E9A6-DECC-4A27-9E4A-2FEB355C7243}.AppStore|x86.ActiveCfg = Release|Any CPU
		{C646E9A6-DECC-4A27-9E4A-2FEB355C7243}.AppStore|x86.Build.0 = Release|Any CPU
		{C646E9A6-DECC-4A27-9E4A-2FEB355C7243}.Debug|Any CPU.ActiveCfg = Debug|Any CPU
		{C646E9A6-DECC-4A27-9E4A-2FEB355C7243}.Debug|Any CPU.Build.0 = Debug|Any CPU
		{C646E9A6-DECC-4A27-9E4A-2FEB355C7243}.Debug|ARM.ActiveCfg = Debug|Any CPU
		{C646E9A6-DECC-4A27-9E4A-2FEB355C7243}.Debug|ARM.Build.0 = Debug|Any CPU
		{C646E9A6-DECC-4A27-9E4A-2FEB355C7243}.Debug|iPhone.ActiveCfg = Debug|Any CPU
		{C646E9A6-DECC-4A27-9E4A-2FEB355C7243}.Debug|iPhone.Build.0 = Debug|Any CPU
		{C646E9A6-DECC-4A27-9E4A-2FEB355C7243}.Debug|iPhoneSimulator.ActiveCfg = Debug|Any CPU
		{C646E9A6-DECC-4A27-9E4A-2FEB355C7243}.Debug|iPhoneSimulator.Build.0 = Debug|Any CPU
		{C646E9A6-DECC-4A27-9E4A-2FEB355C7243}.Debug|x64.ActiveCfg = Debug|Any CPU
		{C646E9A6-DECC-4A27-9E4A-2FEB355C7243}.Debug|x64.Build.0 = Debug|Any CPU
		{C646E9A6-DECC-4A27-9E4A-2FEB355C7243}.Debug|x86.ActiveCfg = Debug|Any CPU
		{C646E9A6-DECC-4A27-9E4A-2FEB355C7243}.Debug|x86.Build.0 = Debug|Any CPU
		{C646E9A6-DECC-4A27-9E4A-2FEB355C7243}.Release|Any CPU.ActiveCfg = Release|Any CPU
		{C646E9A6-DECC-4A27-9E4A-2FEB355C7243}.Release|Any CPU.Build.0 = Release|Any CPU
		{C646E9A6-DECC-4A27-9E4A-2FEB355C7243}.Release|ARM.ActiveCfg = Release|Any CPU
		{C646E9A6-DECC-4A27-9E4A-2FEB355C7243}.Release|ARM.Build.0 = Release|Any CPU
		{C646E9A6-DECC-4A27-9E4A-2FEB355C7243}.Release|iPhone.ActiveCfg = Release|Any CPU
		{C646E9A6-DECC-4A27-9E4A-2FEB355C7243}.Release|iPhone.Build.0 = Release|Any CPU
		{C646E9A6-DECC-4A27-9E4A-2FEB355C7243}.Release|iPhoneSimulator.ActiveCfg = Release|Any CPU
		{C646E9A6-DECC-4A27-9E4A-2FEB355C7243}.Release|iPhoneSimulator.Build.0 = Release|Any CPU
		{C646E9A6-DECC-4A27-9E4A-2FEB355C7243}.Release|x64.ActiveCfg = Release|Any CPU
		{C646E9A6-DECC-4A27-9E4A-2FEB355C7243}.Release|x64.Build.0 = Release|Any CPU
		{C646E9A6-DECC-4A27-9E4A-2FEB355C7243}.Release|x86.ActiveCfg = Release|Any CPU
		{C646E9A6-DECC-4A27-9E4A-2FEB355C7243}.Release|x86.Build.0 = Release|Any CPU
		{0BF4E0FE-C553-41EE-95BA-6571546B35C0}.Ad-Hoc|Any CPU.ActiveCfg = Release|Any CPU
		{0BF4E0FE-C553-41EE-95BA-6571546B35C0}.Ad-Hoc|Any CPU.Build.0 = Release|Any CPU
		{0BF4E0FE-C553-41EE-95BA-6571546B35C0}.Ad-Hoc|ARM.ActiveCfg = Release|Any CPU
		{0BF4E0FE-C553-41EE-95BA-6571546B35C0}.Ad-Hoc|ARM.Build.0 = Release|Any CPU
		{0BF4E0FE-C553-41EE-95BA-6571546B35C0}.Ad-Hoc|iPhone.ActiveCfg = Release|Any CPU
		{0BF4E0FE-C553-41EE-95BA-6571546B35C0}.Ad-Hoc|iPhone.Build.0 = Release|Any CPU
		{0BF4E0FE-C553-41EE-95BA-6571546B35C0}.Ad-Hoc|iPhoneSimulator.ActiveCfg = Release|Any CPU
		{0BF4E0FE-C553-41EE-95BA-6571546B35C0}.Ad-Hoc|iPhoneSimulator.Build.0 = Release|Any CPU
		{0BF4E0FE-C553-41EE-95BA-6571546B35C0}.Ad-Hoc|x64.ActiveCfg = Release|Any CPU
		{0BF4E0FE-C553-41EE-95BA-6571546B35C0}.Ad-Hoc|x64.Build.0 = Release|Any CPU
		{0BF4E0FE-C553-41EE-95BA-6571546B35C0}.Ad-Hoc|x86.ActiveCfg = Release|Any CPU
		{0BF4E0FE-C553-41EE-95BA-6571546B35C0}.Ad-Hoc|x86.Build.0 = Release|Any CPU
		{0BF4E0FE-C553-41EE-95BA-6571546B35C0}.AppStore|Any CPU.ActiveCfg = Release|Any CPU
		{0BF4E0FE-C553-41EE-95BA-6571546B35C0}.AppStore|Any CPU.Build.0 = Release|Any CPU
		{0BF4E0FE-C553-41EE-95BA-6571546B35C0}.AppStore|ARM.ActiveCfg = Release|Any CPU
		{0BF4E0FE-C553-41EE-95BA-6571546B35C0}.AppStore|ARM.Build.0 = Release|Any CPU
		{0BF4E0FE-C553-41EE-95BA-6571546B35C0}.AppStore|iPhone.ActiveCfg = Release|Any CPU
		{0BF4E0FE-C553-41EE-95BA-6571546B35C0}.AppStore|iPhone.Build.0 = Release|Any CPU
		{0BF4E0FE-C553-41EE-95BA-6571546B35C0}.AppStore|iPhoneSimulator.ActiveCfg = Release|Any CPU
		{0BF4E0FE-C553-41EE-95BA-6571546B35C0}.AppStore|iPhoneSimulator.Build.0 = Release|Any CPU
		{0BF4E0FE-C553-41EE-95BA-6571546B35C0}.AppStore|x64.ActiveCfg = Release|Any CPU
		{0BF4E0FE-C553-41EE-95BA-6571546B35C0}.AppStore|x64.Build.0 = Release|Any CPU
		{0BF4E0FE-C553-41EE-95BA-6571546B35C0}.AppStore|x86.ActiveCfg = Release|Any CPU
		{0BF4E0FE-C553-41EE-95BA-6571546B35C0}.AppStore|x86.Build.0 = Release|Any CPU
		{0BF4E0FE-C553-41EE-95BA-6571546B35C0}.Debug|Any CPU.ActiveCfg = Debug|Any CPU
		{0BF4E0FE-C553-41EE-95BA-6571546B35C0}.Debug|Any CPU.Build.0 = Debug|Any CPU
		{0BF4E0FE-C553-41EE-95BA-6571546B35C0}.Debug|ARM.ActiveCfg = Debug|Any CPU
		{0BF4E0FE-C553-41EE-95BA-6571546B35C0}.Debug|ARM.Build.0 = Debug|Any CPU
		{0BF4E0FE-C553-41EE-95BA-6571546B35C0}.Debug|iPhone.ActiveCfg = Debug|Any CPU
		{0BF4E0FE-C553-41EE-95BA-6571546B35C0}.Debug|iPhone.Build.0 = Debug|Any CPU
		{0BF4E0FE-C553-41EE-95BA-6571546B35C0}.Debug|iPhoneSimulator.ActiveCfg = Debug|Any CPU
		{0BF4E0FE-C553-41EE-95BA-6571546B35C0}.Debug|iPhoneSimulator.Build.0 = Debug|Any CPU
		{0BF4E0FE-C553-41EE-95BA-6571546B35C0}.Debug|x64.ActiveCfg = Debug|Any CPU
		{0BF4E0FE-C553-41EE-95BA-6571546B35C0}.Debug|x64.Build.0 = Debug|Any CPU
		{0BF4E0FE-C553-41EE-95BA-6571546B35C0}.Debug|x86.ActiveCfg = Debug|Any CPU
		{0BF4E0FE-C553-41EE-95BA-6571546B35C0}.Debug|x86.Build.0 = Debug|Any CPU
		{0BF4E0FE-C553-41EE-95BA-6571546B35C0}.Release|Any CPU.ActiveCfg = Release|Any CPU
		{0BF4E0FE-C553-41EE-95BA-6571546B35C0}.Release|Any CPU.Build.0 = Release|Any CPU
		{0BF4E0FE-C553-41EE-95BA-6571546B35C0}.Release|ARM.ActiveCfg = Release|Any CPU
		{0BF4E0FE-C553-41EE-95BA-6571546B35C0}.Release|ARM.Build.0 = Release|Any CPU
		{0BF4E0FE-C553-41EE-95BA-6571546B35C0}.Release|iPhone.ActiveCfg = Release|Any CPU
		{0BF4E0FE-C553-41EE-95BA-6571546B35C0}.Release|iPhone.Build.0 = Release|Any CPU
		{0BF4E0FE-C553-41EE-95BA-6571546B35C0}.Release|iPhoneSimulator.ActiveCfg = Release|Any CPU
		{0BF4E0FE-C553-41EE-95BA-6571546B35C0}.Release|iPhoneSimulator.Build.0 = Release|Any CPU
		{0BF4E0FE-C553-41EE-95BA-6571546B35C0}.Release|x64.ActiveCfg = Release|Any CPU
		{0BF4E0FE-C553-41EE-95BA-6571546B35C0}.Release|x64.Build.0 = Release|Any CPU
		{0BF4E0FE-C553-41EE-95BA-6571546B35C0}.Release|x86.ActiveCfg = Release|Any CPU
		{0BF4E0FE-C553-41EE-95BA-6571546B35C0}.Release|x86.Build.0 = Release|Any CPU
		{E84241A4-B6A4-4C00-9719-779BA2B705EF}.Ad-Hoc|Any CPU.ActiveCfg = Release|Any CPU
		{E84241A4-B6A4-4C00-9719-779BA2B705EF}.Ad-Hoc|Any CPU.Build.0 = Release|Any CPU
		{E84241A4-B6A4-4C00-9719-779BA2B705EF}.Ad-Hoc|ARM.ActiveCfg = Release|Any CPU
		{E84241A4-B6A4-4C00-9719-779BA2B705EF}.Ad-Hoc|ARM.Build.0 = Release|Any CPU
		{E84241A4-B6A4-4C00-9719-779BA2B705EF}.Ad-Hoc|iPhone.ActiveCfg = Release|Any CPU
		{E84241A4-B6A4-4C00-9719-779BA2B705EF}.Ad-Hoc|iPhone.Build.0 = Release|Any CPU
		{E84241A4-B6A4-4C00-9719-779BA2B705EF}.Ad-Hoc|iPhoneSimulator.ActiveCfg = Release|Any CPU
		{E84241A4-B6A4-4C00-9719-779BA2B705EF}.Ad-Hoc|iPhoneSimulator.Build.0 = Release|Any CPU
		{E84241A4-B6A4-4C00-9719-779BA2B705EF}.Ad-Hoc|x64.ActiveCfg = Release|Any CPU
		{E84241A4-B6A4-4C00-9719-779BA2B705EF}.Ad-Hoc|x64.Build.0 = Release|Any CPU
		{E84241A4-B6A4-4C00-9719-779BA2B705EF}.Ad-Hoc|x86.ActiveCfg = Release|Any CPU
		{E84241A4-B6A4-4C00-9719-779BA2B705EF}.Ad-Hoc|x86.Build.0 = Release|Any CPU
		{E84241A4-B6A4-4C00-9719-779BA2B705EF}.AppStore|Any CPU.ActiveCfg = Release|Any CPU
		{E84241A4-B6A4-4C00-9719-779BA2B705EF}.AppStore|Any CPU.Build.0 = Release|Any CPU
		{E84241A4-B6A4-4C00-9719-779BA2B705EF}.AppStore|ARM.ActiveCfg = Release|Any CPU
		{E84241A4-B6A4-4C00-9719-779BA2B705EF}.AppStore|ARM.Build.0 = Release|Any CPU
		{E84241A4-B6A4-4C00-9719-779BA2B705EF}.AppStore|iPhone.ActiveCfg = Release|Any CPU
		{E84241A4-B6A4-4C00-9719-779BA2B705EF}.AppStore|iPhone.Build.0 = Release|Any CPU
		{E84241A4-B6A4-4C00-9719-779BA2B705EF}.AppStore|iPhoneSimulator.ActiveCfg = Release|Any CPU
		{E84241A4-B6A4-4C00-9719-779BA2B705EF}.AppStore|iPhoneSimulator.Build.0 = Release|Any CPU
		{E84241A4-B6A4-4C00-9719-779BA2B705EF}.AppStore|x64.ActiveCfg = Release|Any CPU
		{E84241A4-B6A4-4C00-9719-779BA2B705EF}.AppStore|x64.Build.0 = Release|Any CPU
		{E84241A4-B6A4-4C00-9719-779BA2B705EF}.AppStore|x86.ActiveCfg = Release|Any CPU
		{E84241A4-B6A4-4C00-9719-779BA2B705EF}.AppStore|x86.Build.0 = Release|Any CPU
		{E84241A4-B6A4-4C00-9719-779BA2B705EF}.Debug|Any CPU.ActiveCfg = Debug|Any CPU
		{E84241A4-B6A4-4C00-9719-779BA2B705EF}.Debug|Any CPU.Build.0 = Debug|Any CPU
		{E84241A4-B6A4-4C00-9719-779BA2B705EF}.Debug|ARM.ActiveCfg = Debug|Any CPU
		{E84241A4-B6A4-4C00-9719-779BA2B705EF}.Debug|ARM.Build.0 = Debug|Any CPU
		{E84241A4-B6A4-4C00-9719-779BA2B705EF}.Debug|iPhone.ActiveCfg = Debug|Any CPU
		{E84241A4-B6A4-4C00-9719-779BA2B705EF}.Debug|iPhone.Build.0 = Debug|Any CPU
		{E84241A4-B6A4-4C00-9719-779BA2B705EF}.Debug|iPhoneSimulator.ActiveCfg = Debug|Any CPU
		{E84241A4-B6A4-4C00-9719-779BA2B705EF}.Debug|iPhoneSimulator.Build.0 = Debug|Any CPU
		{E84241A4-B6A4-4C00-9719-779BA2B705EF}.Debug|x64.ActiveCfg = Debug|Any CPU
		{E84241A4-B6A4-4C00-9719-779BA2B705EF}.Debug|x64.Build.0 = Debug|Any CPU
		{E84241A4-B6A4-4C00-9719-779BA2B705EF}.Debug|x86.ActiveCfg = Debug|Any CPU
		{E84241A4-B6A4-4C00-9719-779BA2B705EF}.Debug|x86.Build.0 = Debug|Any CPU
		{E84241A4-B6A4-4C00-9719-779BA2B705EF}.Release|Any CPU.ActiveCfg = Release|Any CPU
		{E84241A4-B6A4-4C00-9719-779BA2B705EF}.Release|Any CPU.Build.0 = Release|Any CPU
		{E84241A4-B6A4-4C00-9719-779BA2B705EF}.Release|ARM.ActiveCfg = Release|Any CPU
		{E84241A4-B6A4-4C00-9719-779BA2B705EF}.Release|ARM.Build.0 = Release|Any CPU
		{E84241A4-B6A4-4C00-9719-779BA2B705EF}.Release|iPhone.ActiveCfg = Release|Any CPU
		{E84241A4-B6A4-4C00-9719-779BA2B705EF}.Release|iPhone.Build.0 = Release|Any CPU
		{E84241A4-B6A4-4C00-9719-779BA2B705EF}.Release|iPhoneSimulator.ActiveCfg = Release|Any CPU
		{E84241A4-B6A4-4C00-9719-779BA2B705EF}.Release|iPhoneSimulator.Build.0 = Release|Any CPU
		{E84241A4-B6A4-4C00-9719-779BA2B705EF}.Release|x64.ActiveCfg = Release|Any CPU
		{E84241A4-B6A4-4C00-9719-779BA2B705EF}.Release|x64.Build.0 = Release|Any CPU
		{E84241A4-B6A4-4C00-9719-779BA2B705EF}.Release|x86.ActiveCfg = Release|Any CPU
		{E84241A4-B6A4-4C00-9719-779BA2B705EF}.Release|x86.Build.0 = Release|Any CPU
	EndGlobalSection
	GlobalSection(SolutionProperties) = preSolution
		HideSolutionNode = FALSE
	EndGlobalSection
	GlobalSection(NestedProjects) = preSolution
		{CAE022DB-6317-48AE-AC42-BBAC3B76474E} = {7B7E9B1D-BE6B-4F06-818B-47B086F87B17}
		{266B600E-64A2-4855-83F0-0AB854C9A658} = {022EBA1A-2D8F-49D2-8792-1449FD0863CF}
		{442DD262-5E49-4599-BDD2-D0968770EE3A} = {022EBA1A-2D8F-49D2-8792-1449FD0863CF}
		{5576BE37-4E74-4CBA-ABFA-3E813E7B39A0} = {022EBA1A-2D8F-49D2-8792-1449FD0863CF}
		{67F9D3A8-F71E-4428-913F-C37AE82CDB24} = {7B7E9B1D-BE6B-4F06-818B-47B086F87B17}
		{C47AF74D-3271-412E-BF69-716659854DD8} = {022EBA1A-2D8F-49D2-8792-1449FD0863CF}
		{9EE722B9-5B6A-4D6F-BDDC-D7F56AD6EB44} = {7B7E9B1D-BE6B-4F06-818B-47B086F87B17}
		{14743A73-02F9-40D4-B769-6B73F1F539BA} = {022EBA1A-2D8F-49D2-8792-1449FD0863CF}
		{4A757A59-8AAE-4E33-9770-23404BCB13B8} = {D1A8C1F0-0BDC-40CC-83CF-75170E582A00}
		{A398D32A-A783-469A-854A-42E3FFBA3CED} = {2837F8A8-EBC3-4B3E-A255-BD3F6532FD43}
		{C646E9A6-DECC-4A27-9E4A-2FEB355C7243} = {A398D32A-A783-469A-854A-42E3FFBA3CED}
		{0BF4E0FE-C553-41EE-95BA-6571546B35C0} = {2837F8A8-EBC3-4B3E-A255-BD3F6532FD43}
		{E84241A4-B6A4-4C00-9719-779BA2B705EF} = {7B7E9B1D-BE6B-4F06-818B-47B086F87B17}
	EndGlobalSection
EndGlobal
